
Microsoft Visual Studio Solution File, Format Version 12.00
# Visual Studio Version 17
VisualStudioVersion = 17.8.34322.80
MinimumVisualStudioVersion = 10.0.40219.1
Project("{FAE04EC0-301F-11D3-BF4B-00C04F79EFBC}") = "SQLServerLoginGuard", "SQLServerLoginGuard\SQLServerLoginGuard.csproj", "{929E2C07-4FA4-40CE-BC51-8D94E3489432}"
EndProject
Project("{B7DD6F7E-DEF8-4E67-B5B7-07EF123DB6F0}") = "SQL Server Login Guard Installer", "SQL Server Login Guard Installer\SQL Server Login Guard Installer.wixproj", "{B8F533FF-FD6A-4668-99C1-2225FBBD2EC6}"
EndProject
Project("{FAE04EC0-301F-11D3-BF4B-00C04F79EFBC}") = "GuardTest", "GuardTest\GuardTest.csproj", "{2AA074AF-4E86-4F31-B7CC-52ECB6BC2663}"
EndProject
Global
	GlobalSection(SolutionConfigurationPlatforms) = preSolution
		Debug|Any CPU = Debug|Any CPU
		Debug|ARM64 = Debug|ARM64
		Debug|x64 = Debug|x64
		Debug|x86 = Debug|x86
		Release|Any CPU = Release|Any CPU
		Release|ARM64 = Release|ARM64
		Release|x64 = Release|x64
		Release|x86 = Release|x86
	EndGlobalSection
	GlobalSection(ProjectConfigurationPlatforms) = postSolution
		{929E2C07-4FA4-40CE-BC51-8D94E3489432}.Debug|Any CPU.ActiveCfg = Debug|Any CPU
		{929E2C07-4FA4-40CE-BC51-8D94E3489432}.Debug|Any CPU.Build.0 = Debug|Any CPU
		{929E2C07-4FA4-40CE-BC51-8D94E3489432}.Debug|ARM64.ActiveCfg = Debug|Any CPU
		{929E2C07-4FA4-40CE-BC51-8D94E3489432}.Debug|ARM64.Build.0 = Debug|Any CPU
		{929E2C07-4FA4-40CE-BC51-8D94E3489432}.Debug|x64.ActiveCfg = Debug|Any CPU
		{929E2C07-4FA4-40CE-BC51-8D94E3489432}.Debug|x64.Build.0 = Debug|Any CPU
		{929E2C07-4FA4-40CE-BC51-8D94E3489432}.Debug|x86.ActiveCfg = Debug|Any CPU
		{929E2C07-4FA4-40CE-BC51-8D94E3489432}.Debug|x86.Build.0 = Debug|Any CPU
		{929E2C07-4FA4-40CE-BC51-8D94E3489432}.Release|Any CPU.ActiveCfg = Release|Any CPU
		{929E2C07-4FA4-40CE-BC51-8D94E3489432}.Release|Any CPU.Build.0 = Release|Any CPU
		{929E2C07-4FA4-40CE-BC51-8D94E3489432}.Release|ARM64.ActiveCfg = Release|Any CPU
		{929E2C07-4FA4-40CE-BC51-8D94E3489432}.Release|ARM64.Build.0 = Release|Any CPU
		{929E2C07-4FA4-40CE-BC51-8D94E3489432}.Release|x64.ActiveCfg = Release|Any CPU
		{929E2C07-4FA4-40CE-BC51-8D94E3489432}.Release|x64.Build.0 = Release|Any CPU
		{929E2C07-4FA4-40CE-BC51-8D94E3489432}.Release|x86.ActiveCfg = Release|Any CPU
		{929E2C07-4FA4-40CE-BC51-8D94E3489432}.Release|x86.Build.0 = Release|Any CPU
		{B8F533FF-FD6A-4668-99C1-2225FBBD2EC6}.Debug|Any CPU.ActiveCfg = Debug|x64
		{B8F533FF-FD6A-4668-99C1-2225FBBD2EC6}.Debug|Any CPU.Build.0 = Debug|x64
		{B8F533FF-FD6A-4668-99C1-2225FBBD2EC6}.Debug|ARM64.ActiveCfg = Debug|ARM64
		{B8F533FF-FD6A-4668-99C1-2225FBBD2EC6}.Debug|ARM64.Build.0 = Debug|ARM64
		{B8F533FF-FD6A-4668-99C1-2225FBBD2EC6}.Debug|x64.ActiveCfg = Debug|x64
		{B8F533FF-FD6A-4668-99C1-2225FBBD2EC6}.Debug|x64.Build.0 = Debug|x64
		{B8F533FF-FD6A-4668-99C1-2225FBBD2EC6}.Debug|x86.ActiveCfg = Debug|x86
		{B8F533FF-FD6A-4668-99C1-2225FBBD2EC6}.Debug|x86.Build.0 = Debug|x86
		{B8F533FF-FD6A-4668-99C1-2225FBBD2EC6}.Release|Any CPU.ActiveCfg = Release|x64
		{B8F533FF-FD6A-4668-99C1-2225FBBD2EC6}.Release|Any CPU.Build.0 = Release|x64
		{B8F533FF-FD6A-4668-99C1-2225FBBD2EC6}.Release|ARM64.ActiveCfg = Release|ARM64
		{B8F533FF-FD6A-4668-99C1-2225FBBD2EC6}.Release|ARM64.Build.0 = Release|ARM64
		{B8F533FF-FD6A-4668-99C1-2225FBBD2EC6}.Release|x64.ActiveCfg = Release|x64
		{B8F533FF-FD6A-4668-99C1-2225FBBD2EC6}.Release|x64.Build.0 = Release|x64
		{B8F533FF-FD6A-4668-99C1-2225FBBD2EC6}.Release|x86.ActiveCfg = Release|x86
		{B8F533FF-FD6A-4668-99C1-2225FBBD2EC6}.Release|x86.Build.0 = Release|x86
		{2AA074AF-4E86-4F31-B7CC-52ECB6BC2663}.Debug|Any CPU.ActiveCfg = Debug|Any CPU
		{2AA074AF-4E86-4F31-B7CC-52ECB6BC2663}.Debug|Any CPU.Build.0 = Debug|Any CPU
		{2AA074AF-4E86-4F31-B7CC-52ECB6BC2663}.Debug|ARM64.ActiveCfg = Debug|Any CPU
		{2AA074AF-4E86-4F31-B7CC-52ECB6BC2663}.Debug|ARM64.Build.0 = Debug|Any CPU
		{2AA074AF-4E86-4F31-B7CC-52ECB6BC2663}.Debug|x64.ActiveCfg = Debug|Any CPU
		{2AA074AF-4E86-4F31-B7CC-52ECB6BC2663}.Debug|x64.Build.0 = Debug|Any CPU
		{2AA074AF-4E86-4F31-B7CC-52ECB6BC2663}.Debug|x86.ActiveCfg = Debug|Any CPU
		{2AA074AF-4E86-4F31-B7CC-52ECB6BC2663}.Debug|x86.Build.0 = Debug|Any CPU
		{2AA074AF-4E86-4F31-B7CC-52ECB6BC2663}.Release|Any CPU.ActiveCfg = Release|Any CPU
		{2AA074AF-4E86-4F31-B7CC-52ECB6BC2663}.Release|Any CPU.Build.0 = Release|Any CPU
		{2AA074AF-4E86-4F31-B7CC-52ECB6BC2663}.Release|ARM64.ActiveCfg = Release|Any CPU
		{2AA074AF-4E86-4F31-B7CC-52ECB6BC2663}.Release|ARM64.Build.0 = Release|Any CPU
		{2AA074AF-4E86-4F31-B7CC-52ECB6BC2663}.Release|x64.ActiveCfg = Release|Any CPU
		{2AA074AF-4E86-4F31-B7CC-52ECB6BC2663}.Release|x64.Build.0 = Release|Any CPU
		{2AA074AF-4E86-4F31-B7CC-52ECB6BC2663}.Release|x86.ActiveCfg = Release|Any CPU
		{2AA074AF-4E86-4F31-B7CC-52ECB6BC2663}.Release|x86.Build.0 = Release|Any CPU
	EndGlobalSection
	GlobalSection(SolutionProperties) = preSolution
		HideSolutionNode = FALSE
	EndGlobalSection
	GlobalSection(ExtensibilityGlobals) = postSolution
		SolutionGuid = {225FD5C5-C43F-4972-8288-AE68BC24E092}
	EndGlobalSection
EndGlobal
